
Microsoft Visual Studio Solution File, Format Version 12.00
Project("{FAE04EC0-301F-11D3-BF4B-00C04F79EFBC}") = "DiceMinion", "DiceMinion\DiceMinion.csproj", "{EFE80D27-79FE-42D0-8132-45A503ACADFA}"
EndProject
Global
	GlobalSection(SolutionConfigurationPlatforms) = preSolution
		Debug|Any CPU = Debug|Any CPU
		Release|Any CPU = Release|Any CPU
	EndGlobalSection
	GlobalSection(ProjectConfigurationPlatforms) = postSolution
		{EFE80D27-79FE-42D0-8132-45A503ACADFA}.Debug|Any CPU.ActiveCfg = Debug|Any CPU
		{EFE80D27-79FE-42D0-8132-45A503ACADFA}.Debug|Any CPU.Build.0 = Debug|Any CPU
		{EFE80D27-79FE-42D0-8132-45A503ACADFA}.Release|Any CPU.ActiveCfg = Release|Any CPU
		{EFE80D27-79FE-42D0-8132-45A503ACADFA}.Release|Any CPU.Build.0 = Release|Any CPU
	EndGlobalSection
EndGlobal
